{
  "pins" : [
    {
      "identity" : "a-star",
      "kind" : "remoteSourceControl",
      "location" : "https://github.com/Dev1an/A-Star",
      "state" : {
        "revision" : "d058ecc05f48551b1cc3d4e68f365f655f8febcc",
        "version" : "2.1.0"
      }
    },
    {
      "identity" : "spypuzzlegamestate",
      "kind" : "remoteSourceControl",
      "location" : "https://github.com/jackpal/SpyPuzzleGameState",
      "state" : {
        "revision" : "6030f7f0dfcc020e0e06a983f88f2dcd5ce35b5b",
        "version" : "0.1.0"
      }
    }
  ],
  "version" : 2
}
